// !$*UTF8*$!
{
	archiveVersion = 1;
	classes = {
	};
	objectVersion = 46;
	objects = {

/* Begin PBXBuildFile section */
		8F31A2EB194BDAA100974FD6 /* EVStreamViewController.m in Sources */ = {isa = PBXBuildFile; fileRef = 8F31A2EA194BDAA100974FD6 /* EVStreamViewController.m */; };
		8F31A2ED194BE33200974FD6 /* Social.framework in Frameworks */ = {isa = PBXBuildFile; fileRef = 8F31A2EC194BE33200974FD6 /* Social.framework */; };
		8F4F1849194F9A54009B3F6A /* noProfileImage.jpg in Resources */ = {isa = PBXBuildFile; fileRef = 8F4F1848194F9A54009B3F6A /* noProfileImage.jpg */; };
		8F5DCBE11946761C0047F1E2 /* Foundation.framework in Frameworks */ = {isa = PBXBuildFile; fileRef = 8F5DCBE01946761C0047F1E2 /* Foundation.framework */; };
		8F5DCBE31946761C0047F1E2 /* CoreGraphics.framework in Frameworks */ = {isa = PBXBuildFile; fileRef = 8F5DCBE21946761C0047F1E2 /* CoreGraphics.framework */; };
		8F5DCBE51946761C0047F1E2 /* UIKit.framework in Frameworks */ = {isa = PBXBuildFile; fileRef = 8F5DCBE41946761C0047F1E2 /* UIKit.framework */; };
		8F5DCBEB1946761C0047F1E2 /* InfoPlist.strings in Resources */ = {isa = PBXBuildFile; fileRef = 8F5DCBE91946761C0047F1E2 /* InfoPlist.strings */; };
		8F5DCBED1946761C0047F1E2 /* main.m in Sources */ = {isa = PBXBuildFile; fileRef = 8F5DCBEC1946761C0047F1E2 /* main.m */; };
		8F5DCBF11946761C0047F1E2 /* EVAppDelegate.m in Sources */ = {isa = PBXBuildFile; fileRef = 8F5DCBF01946761C0047F1E2 /* EVAppDelegate.m */; };
		8F5DCBF41946761C0047F1E2 /* Main.storyboard in Resources */ = {isa = PBXBuildFile; fileRef = 8F5DCBF21946761C0047F1E2 /* Main.storyboard */; };
		8F5DCBF71946761C0047F1E2 /* EVMasterViewController.m in Sources */ = {isa = PBXBuildFile; fileRef = 8F5DCBF61946761C0047F1E2 /* EVMasterViewController.m */; };
		8F5DCBFA1946761C0047F1E2 /* EVDetailViewController.m in Sources */ = {isa = PBXBuildFile; fileRef = 8F5DCBF91946761C0047F1E2 /* EVDetailViewController.m */; };
		8F5DCBFC1946761C0047F1E2 /* Images.xcassets in Resources */ = {isa = PBXBuildFile; fileRef = 8F5DCBFB1946761C0047F1E2 /* Images.xcassets */; };
		8F5DCC031946761C0047F1E2 /* XCTest.framework in Frameworks */ = {isa = PBXBuildFile; fileRef = 8F5DCC021946761C0047F1E2 /* XCTest.framework */; };
		8F5DCC041946761C0047F1E2 /* Foundation.framework in Frameworks */ = {isa = PBXBuildFile; fileRef = 8F5DCBE01946761C0047F1E2 /* Foundation.framework */; };
		8F5DCC051946761C0047F1E2 /* UIKit.framework in Frameworks */ = {isa = PBXBuildFile; fileRef = 8F5DCBE41946761C0047F1E2 /* UIKit.framework */; };
		8F5DCC0D1946761C0047F1E2 /* InfoPlist.strings in Resources */ = {isa = PBXBuildFile; fileRef = 8F5DCC0B1946761C0047F1E2 /* InfoPlist.strings */; };
		8F5DCC0F1946761C0047F1E2 /* tweetagsTests.m in Sources */ = {isa = PBXBuildFile; fileRef = 8F5DCC0E1946761C0047F1E2 /* tweetagsTests.m */; };
		8F5DCC19194676A80047F1E2 /* sign_in_button_twitter.png in Resources */ = {isa = PBXBuildFile; fileRef = 8F5DCC18194676A80047F1E2 /* sign_in_button_twitter.png */; };
		8F5DCC1B194676AF0047F1E2 /* welcomePic.jpg in Resources */ = {isa = PBXBuildFile; fileRef = 8F5DCC1A194676AF0047F1E2 /* welcomePic.jpg */; };
		8F68618919467D1400567F45 /* EVAccountsViewController.m in Sources */ = {isa = PBXBuildFile; fileRef = 8F68618819467D1400567F45 /* EVAccountsViewController.m */; };
		8F68618B1946807100567F45 /* Accounts.framework in Frameworks */ = {isa = PBXBuildFile; fileRef = 8F68618A1946807100567F45 /* Accounts.framework */; };
		8FE7BA19194A95A7008A81F5 /* Parse.framework in Frameworks */ = {isa = PBXBuildFile; fileRef = 8FE7BA18194A95A7008A81F5 /* Parse.framework */; };
		8FE7BA1B194A9642008A81F5 /* AudioToolbox.framework in Frameworks */ = {isa = PBXBuildFile; fileRef = 8FE7BA1A194A9642008A81F5 /* AudioToolbox.framework */; };
		8FE7BA1D194A964F008A81F5 /* CFNetwork.framework in Frameworks */ = {isa = PBXBuildFile; fileRef = 8FE7BA1C194A964F008A81F5 /* CFNetwork.framework */; };
		8FE7BA1F194A9663008A81F5 /* CoreLocation.framework in Frameworks */ = {isa = PBXBuildFile; fileRef = 8FE7BA1E194A9663008A81F5 /* CoreLocation.framework */; };
		8FE7BA21194A9677008A81F5 /* libz.dylib in Frameworks */ = {isa = PBXBuildFile; fileRef = 8FE7BA20194A9677008A81F5 /* libz.dylib */; };
		8FE7BA23194A9685008A81F5 /* MobileCoreServices.framework in Frameworks */ = {isa = PBXBuildFile; fileRef = 8FE7BA22194A9685008A81F5 /* MobileCoreServices.framework */; };
		8FE7BA25194A9699008A81F5 /* QuartzCore.framework in Frameworks */ = {isa = PBXBuildFile; fileRef = 8FE7BA24194A9699008A81F5 /* QuartzCore.framework */; };
		8FE7BA27194A96A9008A81F5 /* Security.framework in Frameworks */ = {isa = PBXBuildFile; fileRef = 8FE7BA26194A96A9008A81F5 /* Security.framework */; };
		8FE7BA29194A96BB008A81F5 /* StoreKit.framework in Frameworks */ = {isa = PBXBuildFile; fileRef = 8FE7BA28194A96BB008A81F5 /* StoreKit.framework */; };
		8FE7BA2B194A96D0008A81F5 /* SystemConfiguration.framework in Frameworks */ = {isa = PBXBuildFile; fileRef = 8FE7BA2A194A96D0008A81F5 /* SystemConfiguration.framework */; };
		8FF91CB2194E593100EA5B35 /* EVTableViewCell.m in Sources */ = {isa = PBXBuildFile; fileRef = 8FF91CB1194E593100EA5B35 /* EVTableViewCell.m */; };
		8FF91CB4194E768B00EA5B35 /* noProfileImage2.jpg in Resources */ = {isa = PBXBuildFile; fileRef = 8FF91CB3194E768B00EA5B35 /* noProfileImage2.jpg */; };
		8FF91CB8194E77D400EA5B35 /* FTWCache.m in Sources */ = {isa = PBXBuildFile; fileRef = 8FF91CB7194E77D400EA5B35 /* FTWCache.m */; };
		8FF91CBB194E77EF00EA5B35 /* UIImageView+Network.m in Sources */ = {isa = PBXBuildFile; fileRef = 8FF91CBA194E77EF00EA5B35 /* UIImageView+Network.m */; };
		8FF91CBE194E8A8900EA5B35 /* HttpCommunication.m in Sources */ = {isa = PBXBuildFile; fileRef = 8FF91CBD194E8A8900EA5B35 /* HttpCommunication.m */; };
/* End PBXBuildFile section */

/* Begin PBXContainerItemProxy section */
		8F5DCC061946761C0047F1E2 /* PBXContainerItemProxy */ = {
			isa = PBXContainerItemProxy;
			containerPortal = 8F5DCBD51946761C0047F1E2 /* Project object */;
			proxyType = 1;
			remoteGlobalIDString = 8F5DCBDC1946761C0047F1E2;
			remoteInfo = tweetags;
		};
/* End PBXContainerItemProxy section */

/* Begin PBXFileReference section */
		8F31A2E9194BDAA100974FD6 /* EVStreamViewController.h */ = {isa = PBXFileReference; fileEncoding = 4; lastKnownFileType = sourcecode.c.h; path = EVStreamViewController.h; sourceTree = "<group>"; };
		8F31A2EA194BDAA100974FD6 /* EVStreamViewController.m */ = {isa = PBXFileReference; fileEncoding = 4; lastKnownFileType = sourcecode.c.objc; path = EVStreamViewController.m; sourceTree = "<group>"; };
		8F31A2EC194BE33200974FD6 /* Social.framework */ = {isa = PBXFileReference; lastKnownFileType = wrapper.framework; name = Social.framework; path = System/Library/Frameworks/Social.framework; sourceTree = SDKROOT; };
		8F4F1848194F9A54009B3F6A /* noProfileImage.jpg */ = {isa = PBXFileReference; lastKnownFileType = image.jpeg; name = noProfileImage.jpg; path = tweetags/noProfileImage.jpg; sourceTree = "<group>"; };
		8F5DCBDD1946761C0047F1E2 /* tweetags.app */ = {isa = PBXFileReference; explicitFileType = wrapper.application; includeInIndex = 0; path = tweetags.app; sourceTree = BUILT_PRODUCTS_DIR; };
		8F5DCBE01946761C0047F1E2 /* Foundation.framework */ = {isa = PBXFileReference; lastKnownFileType = wrapper.framework; name = Foundation.framework; path = System/Library/Frameworks/Foundation.framework; sourceTree = SDKROOT; };
		8F5DCBE21946761C0047F1E2 /* CoreGraphics.framework */ = {isa = PBXFileReference; lastKnownFileType = wrapper.framework; name = CoreGraphics.framework; path = System/Library/Frameworks/CoreGraphics.framework; sourceTree = SDKROOT; };
		8F5DCBE41946761C0047F1E2 /* UIKit.framework */ = {isa = PBXFileReference; lastKnownFileType = wrapper.framework; name = UIKit.framework; path = System/Library/Frameworks/UIKit.framework; sourceTree = SDKROOT; };
		8F5DCBE81946761C0047F1E2 /* tweetags-Info.plist */ = {isa = PBXFileReference; lastKnownFileType = text.plist.xml; path = "tweetags-Info.plist"; sourceTree = "<group>"; };
		8F5DCBEA1946761C0047F1E2 /* en */ = {isa = PBXFileReference; lastKnownFileType = text.plist.strings; name = en; path = en.lproj/InfoPlist.strings; sourceTree = "<group>"; };
		8F5DCBEC1946761C0047F1E2 /* main.m */ = {isa = PBXFileReference; lastKnownFileType = sourcecode.c.objc; path = main.m; sourceTree = "<group>"; };
		8F5DCBEE1946761C0047F1E2 /* tweetags-Prefix.pch */ = {isa = PBXFileReference; lastKnownFileType = sourcecode.c.h; path = "tweetags-Prefix.pch"; sourceTree = "<group>"; };
		8F5DCBEF1946761C0047F1E2 /* EVAppDelegate.h */ = {isa = PBXFileReference; lastKnownFileType = sourcecode.c.h; path = EVAppDelegate.h; sourceTree = "<group>"; };
		8F5DCBF01946761C0047F1E2 /* EVAppDelegate.m */ = {isa = PBXFileReference; lastKnownFileType = sourcecode.c.objc; path = EVAppDelegate.m; sourceTree = "<group>"; };
		8F5DCBF31946761C0047F1E2 /* Base */ = {isa = PBXFileReference; lastKnownFileType = file.storyboard; name = Base; path = Base.lproj/Main.storyboard; sourceTree = "<group>"; };
		8F5DCBF51946761C0047F1E2 /* EVMasterViewController.h */ = {isa = PBXFileReference; lastKnownFileType = sourcecode.c.h; path = EVMasterViewController.h; sourceTree = "<group>"; };
		8F5DCBF61946761C0047F1E2 /* EVMasterViewController.m */ = {isa = PBXFileReference; lastKnownFileType = sourcecode.c.objc; path = EVMasterViewController.m; sourceTree = "<group>"; };
		8F5DCBF81946761C0047F1E2 /* EVDetailViewController.h */ = {isa = PBXFileReference; lastKnownFileType = sourcecode.c.h; path = EVDetailViewController.h; sourceTree = "<group>"; };
		8F5DCBF91946761C0047F1E2 /* EVDetailViewController.m */ = {isa = PBXFileReference; lastKnownFileType = sourcecode.c.objc; path = EVDetailViewController.m; sourceTree = "<group>"; };
		8F5DCBFB1946761C0047F1E2 /* Images.xcassets */ = {isa = PBXFileReference; lastKnownFileType = folder.assetcatalog; path = Images.xcassets; sourceTree = "<group>"; };
		8F5DCC011946761C0047F1E2 /* tweetagsTests.xctest */ = {isa = PBXFileReference; explicitFileType = wrapper.cfbundle; includeInIndex = 0; path = tweetagsTests.xctest; sourceTree = BUILT_PRODUCTS_DIR; };
		8F5DCC021946761C0047F1E2 /* XCTest.framework */ = {isa = PBXFileReference; lastKnownFileType = wrapper.framework; name = XCTest.framework; path = Library/Frameworks/XCTest.framework; sourceTree = DEVELOPER_DIR; };
		8F5DCC0A1946761C0047F1E2 /* tweetagsTests-Info.plist */ = {isa = PBXFileReference; lastKnownFileType = text.plist.xml; path = "tweetagsTests-Info.plist"; sourceTree = "<group>"; };
		8F5DCC0C1946761C0047F1E2 /* en */ = {isa = PBXFileReference; lastKnownFileType = text.plist.strings; name = en; path = en.lproj/InfoPlist.strings; sourceTree = "<group>"; };
		8F5DCC0E1946761C0047F1E2 /* tweetagsTests.m */ = {isa = PBXFileReference; lastKnownFileType = sourcecode.c.objc; path = tweetagsTests.m; sourceTree = "<group>"; };
		8F5DCC18194676A80047F1E2 /* sign_in_button_twitter.png */ = {isa = PBXFileReference; lastKnownFileType = image.png; path = sign_in_button_twitter.png; sourceTree = "<group>"; };
		8F5DCC1A194676AF0047F1E2 /* welcomePic.jpg */ = {isa = PBXFileReference; lastKnownFileType = image.jpeg; path = welcomePic.jpg; sourceTree = "<group>"; };
		8F68618719467D1400567F45 /* EVAccountsViewController.h */ = {isa = PBXFileReference; fileEncoding = 4; lastKnownFileType = sourcecode.c.h; path = EVAccountsViewController.h; sourceTree = "<group>"; };
		8F68618819467D1400567F45 /* EVAccountsViewController.m */ = {isa = PBXFileReference; fileEncoding = 4; lastKnownFileType = sourcecode.c.objc; path = EVAccountsViewController.m; sourceTree = "<group>"; };
		8F68618A1946807100567F45 /* Accounts.framework */ = {isa = PBXFileReference; lastKnownFileType = wrapper.framework; name = Accounts.framework; path = System/Library/Frameworks/Accounts.framework; sourceTree = SDKROOT; };
		8FE7BA18194A95A7008A81F5 /* Parse.framework */ = {isa = PBXFileReference; lastKnownFileType = wrapper.framework; path = Parse.framework; sourceTree = "<group>"; };
		8FE7BA1A194A9642008A81F5 /* AudioToolbox.framework */ = {isa = PBXFileReference; lastKnownFileType = wrapper.framework; name = AudioToolbox.framework; path = System/Library/Frameworks/AudioToolbox.framework; sourceTree = SDKROOT; };
		8FE7BA1C194A964F008A81F5 /* CFNetwork.framework */ = {isa = PBXFileReference; lastKnownFileType = wrapper.framework; name = CFNetwork.framework; path = System/Library/Frameworks/CFNetwork.framework; sourceTree = SDKROOT; };
		8FE7BA1E194A9663008A81F5 /* CoreLocation.framework */ = {isa = PBXFileReference; lastKnownFileType = wrapper.framework; name = CoreLocation.framework; path = System/Library/Frameworks/CoreLocation.framework; sourceTree = SDKROOT; };
		8FE7BA20194A9677008A81F5 /* libz.dylib */ = {isa = PBXFileReference; lastKnownFileType = "compiled.mach-o.dylib"; name = libz.dylib; path = usr/lib/libz.dylib; sourceTree = SDKROOT; };
		8FE7BA22194A9685008A81F5 /* MobileCoreServices.framework */ = {isa = PBXFileReference; lastKnownFileType = wrapper.framework; name = MobileCoreServices.framework; path = System/Library/Frameworks/MobileCoreServices.framework; sourceTree = SDKROOT; };
		8FE7BA24194A9699008A81F5 /* QuartzCore.framework */ = {isa = PBXFileReference; lastKnownFileType = wrapper.framework; name = QuartzCore.framework; path = System/Library/Frameworks/QuartzCore.framework; sourceTree = SDKROOT; };
		8FE7BA26194A96A9008A81F5 /* Security.framework */ = {isa = PBXFileReference; lastKnownFileType = wrapper.framework; name = Security.framework; path = System/Library/Frameworks/Security.framework; sourceTree = SDKROOT; };
		8FE7BA28194A96BB008A81F5 /* StoreKit.framework */ = {isa = PBXFileReference; lastKnownFileType = wrapper.framework; name = StoreKit.framework; path = System/Library/Frameworks/StoreKit.framework; sourceTree = SDKROOT; };
		8FE7BA2A194A96D0008A81F5 /* SystemConfiguration.framework */ = {isa = PBXFileReference; lastKnownFileType = wrapper.framework; name = SystemConfiguration.framework; path = System/Library/Frameworks/SystemConfiguration.framework; sourceTree = SDKROOT; };
		8FF91CB0194E593100EA5B35 /* EVTableViewCell.h */ = {isa = PBXFileReference; fileEncoding = 4; lastKnownFileType = sourcecode.c.h; path = EVTableViewCell.h; sourceTree = "<group>"; };
		8FF91CB1194E593100EA5B35 /* EVTableViewCell.m */ = {isa = PBXFileReference; fileEncoding = 4; lastKnownFileType = sourcecode.c.objc; path = EVTableViewCell.m; sourceTree = "<group>"; };
		8FF91CB3194E768B00EA5B35 /* noProfileImage2.jpg */ = {isa = PBXFileReference; lastKnownFileType = image.jpeg; path = noProfileImage2.jpg; sourceTree = "<group>"; };
		8FF91CB6194E77D400EA5B35 /* FTWCache.h */ = {isa = PBXFileReference; fileEncoding = 4; lastKnownFileType = sourcecode.c.h; path = FTWCache.h; sourceTree = "<group>"; };
		8FF91CB7194E77D400EA5B35 /* FTWCache.m */ = {isa = PBXFileReference; fileEncoding = 4; lastKnownFileType = sourcecode.c.objc; path = FTWCache.m; sourceTree = "<group>"; };
		8FF91CB9194E77EF00EA5B35 /* UIImageView+Network.h */ = {isa = PBXFileReference; fileEncoding = 4; lastKnownFileType = sourcecode.c.h; path = "UIImageView+Network.h"; sourceTree = "<group>"; };
		8FF91CBA194E77EF00EA5B35 /* UIImageView+Network.m */ = {isa = PBXFileReference; fileEncoding = 4; lastKnownFileType = sourcecode.c.objc; path = "UIImageView+Network.m"; sourceTree = "<group>"; };
		8FF91CBC194E8A8900EA5B35 /* HttpCommunication.h */ = {isa = PBXFileReference; fileEncoding = 4; lastKnownFileType = sourcecode.c.h; path = HttpCommunication.h; sourceTree = "<group>"; };
		8FF91CBD194E8A8900EA5B35 /* HttpCommunication.m */ = {isa = PBXFileReference; fileEncoding = 4; lastKnownFileType = sourcecode.c.objc; path = HttpCommunication.m; sourceTree = "<group>"; };
/* End PBXFileReference section */

/* Begin PBXFrameworksBuildPhase section */
		8F5DCBDA1946761C0047F1E2 /* Frameworks */ = {
			isa = PBXFrameworksBuildPhase;
			buildActionMask = 2147483647;
			files = (
				8F31A2ED194BE33200974FD6 /* Social.framework in Frameworks */,
				8FE7BA2B194A96D0008A81F5 /* SystemConfiguration.framework in Frameworks */,
				8FE7BA29194A96BB008A81F5 /* StoreKit.framework in Frameworks */,
				8FE7BA27194A96A9008A81F5 /* Security.framework in Frameworks */,
				8FE7BA25194A9699008A81F5 /* QuartzCore.framework in Frameworks */,
				8FE7BA23194A9685008A81F5 /* MobileCoreServices.framework in Frameworks */,
				8FE7BA21194A9677008A81F5 /* libz.dylib in Frameworks */,
				8FE7BA1F194A9663008A81F5 /* CoreLocation.framework in Frameworks */,
				8F5DCBE31946761C0047F1E2 /* CoreGraphics.framework in Frameworks */,
				8FE7BA1D194A964F008A81F5 /* CFNetwork.framework in Frameworks */,
				8FE7BA1B194A9642008A81F5 /* AudioToolbox.framework in Frameworks */,
				8F68618B1946807100567F45 /* Accounts.framework in Frameworks */,
				8F5DCBE51946761C0047F1E2 /* UIKit.framework in Frameworks */,
				8F5DCBE11946761C0047F1E2 /* Foundation.framework in Frameworks */,
				8FE7BA19194A95A7008A81F5 /* Parse.framework in Frameworks */,
			);
			runOnlyForDeploymentPostprocessing = 0;
		};
		8F5DCBFE1946761C0047F1E2 /* Frameworks */ = {
			isa = PBXFrameworksBuildPhase;
			buildActionMask = 2147483647;
			files = (
				8F5DCC031946761C0047F1E2 /* XCTest.framework in Frameworks */,
				8F5DCC051946761C0047F1E2 /* UIKit.framework in Frameworks */,
				8F5DCC041946761C0047F1E2 /* Foundation.framework in Frameworks */,
			);
			runOnlyForDeploymentPostprocessing = 0;
		};
/* End PBXFrameworksBuildPhase section */

/* Begin PBXGroup section */
		8F5DCBD41946761C0047F1E2 = {
			isa = PBXGroup;
			children = (
				8FF91CB5194E769D00EA5B35 /* images */,
				8F5DCBE61946761C0047F1E2 /* tweetags */,
				8F5DCC081946761C0047F1E2 /* tweetagsTests */,
				8F5DCBDF1946761C0047F1E2 /* Frameworks */,
				8F5DCBDE1946761C0047F1E2 /* Products */,
			);
			sourceTree = "<group>";
		};
		8F5DCBDE1946761C0047F1E2 /* Products */ = {
			isa = PBXGroup;
			children = (
				8F5DCBDD1946761C0047F1E2 /* tweetags.app */,
				8F5DCC011946761C0047F1E2 /* tweetagsTests.xctest */,
			);
			name = Products;
			sourceTree = "<group>";
		};
		8F5DCBDF1946761C0047F1E2 /* Frameworks */ = {
			isa = PBXGroup;
			children = (
				8F31A2EC194BE33200974FD6 /* Social.framework */,
				8FE7BA2A194A96D0008A81F5 /* SystemConfiguration.framework */,
				8FE7BA28194A96BB008A81F5 /* StoreKit.framework */,
				8FE7BA26194A96A9008A81F5 /* Security.framework */,
				8FE7BA24194A9699008A81F5 /* QuartzCore.framework */,
				8FE7BA22194A9685008A81F5 /* MobileCoreServices.framework */,
				8FE7BA20194A9677008A81F5 /* libz.dylib */,
				8FE7BA1E194A9663008A81F5 /* CoreLocation.framework */,
				8FE7BA1C194A964F008A81F5 /* CFNetwork.framework */,
				8FE7BA1A194A9642008A81F5 /* AudioToolbox.framework */,
				8FE7BA18194A95A7008A81F5 /* Parse.framework */,
				8F68618A1946807100567F45 /* Accounts.framework */,
				8F5DCBE01946761C0047F1E2 /* Foundation.framework */,
				8F5DCBE21946761C0047F1E2 /* CoreGraphics.framework */,
				8F5DCBE41946761C0047F1E2 /* UIKit.framework */,
				8F5DCC021946761C0047F1E2 /* XCTest.framework */,
			);
			name = Frameworks;
			sourceTree = "<group>";
		};
		8F5DCBE61946761C0047F1E2 /* tweetags */ = {
			isa = PBXGroup;
			children = (
				8FF91CBC194E8A8900EA5B35 /* HttpCommunication.h */,
				8FF91CBD194E8A8900EA5B35 /* HttpCommunication.m */,
				8FF91CB9194E77EF00EA5B35 /* UIImageView+Network.h */,
				8FF91CBA194E77EF00EA5B35 /* UIImageView+Network.m */,
				8FF91CB6194E77D400EA5B35 /* FTWCache.h */,
				8FF91CB7194E77D400EA5B35 /* FTWCache.m */,
				8FF91CB0194E593100EA5B35 /* EVTableViewCell.h */,
				8FF91CB1194E593100EA5B35 /* EVTableViewCell.m */,
				8F5DCBEF1946761C0047F1E2 /* EVAppDelegate.h */,
				8F5DCBF01946761C0047F1E2 /* EVAppDelegate.m */,
				8F5DCBF21946761C0047F1E2 /* Main.storyboard */,
				8F68618719467D1400567F45 /* EVAccountsViewController.h */,
				8F68618819467D1400567F45 /* EVAccountsViewController.m */,
				8F5DCBF51946761C0047F1E2 /* EVMasterViewController.h */,
				8F5DCBF61946761C0047F1E2 /* EVMasterViewController.m */,
				8F31A2E9194BDAA100974FD6 /* EVStreamViewController.h */,
				8F31A2EA194BDAA100974FD6 /* EVStreamViewController.m */,
				8F5DCBF81946761C0047F1E2 /* EVDetailViewController.h */,
				8F5DCBF91946761C0047F1E2 /* EVDetailViewController.m */,
				8F5DCBFB1946761C0047F1E2 /* Images.xcassets */,
				8F5DCBE71946761C0047F1E2 /* Supporting Files */,
			);
			path = tweetags;
			sourceTree = "<group>";
		};
		8F5DCBE71946761C0047F1E2 /* Supporting Files */ = {
			isa = PBXGroup;
			children = (
				8F5DCBE81946761C0047F1E2 /* tweetags-Info.plist */,
				8F5DCBE91946761C0047F1E2 /* InfoPlist.strings */,
				8F5DCBEC1946761C0047F1E2 /* main.m */,
				8F5DCBEE1946761C0047F1E2 /* tweetags-Prefix.pch */,
			);
			name = "Supporting Files";
			sourceTree = "<group>";
		};
		8F5DCC081946761C0047F1E2 /* tweetagsTests */ = {
			isa = PBXGroup;
			children = (
				8F5DCC0E1946761C0047F1E2 /* tweetagsTests.m */,
				8F5DCC091946761C0047F1E2 /* Supporting Files */,
			);
			path = tweetagsTests;
			sourceTree = "<group>";
		};
		8F5DCC091946761C0047F1E2 /* Supporting Files */ = {
			isa = PBXGroup;
			children = (
				8F5DCC0A1946761C0047F1E2 /* tweetagsTests-Info.plist */,
				8F5DCC0B1946761C0047F1E2 /* InfoPlist.strings */,
			);
			name = "Supporting Files";
			sourceTree = "<group>";
		};
		8FF91CB5194E769D00EA5B35 /* images */ = {
			isa = PBXGroup;
			children = (
				8F4F1848194F9A54009B3F6A /* noProfileImage.jpg */,
				8FF91CB3194E768B00EA5B35 /* noProfileImage2.jpg */,
				8F5DCC1A194676AF0047F1E2 /* welcomePic.jpg */,
				8F5DCC18194676A80047F1E2 /* sign_in_button_twitter.png */,
			);
			name = images;
			sourceTree = "<group>";
		};
/* End PBXGroup section */

/* Begin PBXNativeTarget section */
		8F5DCBDC1946761C0047F1E2 /* tweetags */ = {
			isa = PBXNativeTarget;
			buildConfigurationList = 8F5DCC121946761C0047F1E2 /* Build configuration list for PBXNativeTarget "tweetags" */;
			buildPhases = (
				8F5DCBD91946761C0047F1E2 /* Sources */,
				8F5DCBDA1946761C0047F1E2 /* Frameworks */,
				8F5DCBDB1946761C0047F1E2 /* Resources */,
			);
			buildRules = (
			);
			dependencies = (
			);
			name = tweetags;
			productName = tweetags;
			productReference = 8F5DCBDD1946761C0047F1E2 /* tweetags.app */;
			productType = "com.apple.product-type.application";
		};
		8F5DCC001946761C0047F1E2 /* tweetagsTests */ = {
			isa = PBXNativeTarget;
			buildConfigurationList = 8F5DCC151946761C0047F1E2 /* Build configuration list for PBXNativeTarget "tweetagsTests" */;
			buildPhases = (
				8F5DCBFD1946761C0047F1E2 /* Sources */,
				8F5DCBFE1946761C0047F1E2 /* Frameworks */,
				8F5DCBFF1946761C0047F1E2 /* Resources */,
			);
			buildRules = (
			);
			dependencies = (
				8F5DCC071946761C0047F1E2 /* PBXTargetDependency */,
			);
			name = tweetagsTests;
			productName = tweetagsTests;
			productReference = 8F5DCC011946761C0047F1E2 /* tweetagsTests.xctest */;
			productType = "com.apple.product-type.bundle.unit-test";
		};
/* End PBXNativeTarget section */

/* Begin PBXProject section */
		8F5DCBD51946761C0047F1E2 /* Project object */ = {
			isa = PBXProject;
			attributes = {
				CLASSPREFIX = EV;
				LastUpgradeCheck = 0510;
				ORGANIZATIONNAME = ehsan_valizadeh;
				TargetAttributes = {
					8F5DCBDC1946761C0047F1E2 = {
						DevelopmentTeam = UQ82FRQ36Y;
					};
					8F5DCC001946761C0047F1E2 = {
						TestTargetID = 8F5DCBDC1946761C0047F1E2;
					};
				};
			};
			buildConfigurationList = 8F5DCBD81946761C0047F1E2 /* Build configuration list for PBXProject "tweetags" */;
			compatibilityVersion = "Xcode 3.2";
			developmentRegion = English;
			hasScannedForEncodings = 0;
			knownRegions = (
				en,
				Base,
			);
			mainGroup = 8F5DCBD41946761C0047F1E2;
			productRefGroup = 8F5DCBDE1946761C0047F1E2 /* Products */;
			projectDirPath = "";
			projectRoot = "";
			targets = (
				8F5DCBDC1946761C0047F1E2 /* tweetags */,
				8F5DCC001946761C0047F1E2 /* tweetagsTests */,
			);
		};
/* End PBXProject section */

/* Begin PBXResourcesBuildPhase section */
		8F5DCBDB1946761C0047F1E2 /* Resources */ = {
			isa = PBXResourcesBuildPhase;
			buildActionMask = 2147483647;
			files = (
				8F5DCBFC1946761C0047F1E2 /* Images.xcassets in Resources */,
				8F4F1849194F9A54009B3F6A /* noProfileImage.jpg in Resources */,
				8F5DCC1B194676AF0047F1E2 /* welcomePic.jpg in Resources */,
				8F5DCC19194676A80047F1E2 /* sign_in_button_twitter.png in Resources */,
				8FF91CB4194E768B00EA5B35 /* noProfileImage2.jpg in Resources */,
				8F5DCBEB1946761C0047F1E2 /* InfoPlist.strings in Resources */,
				8F5DCBF41946761C0047F1E2 /* Main.storyboard in Resources */,
			);
			runOnlyForDeploymentPostprocessing = 0;
		};
		8F5DCBFF1946761C0047F1E2 /* Resources */ = {
			isa = PBXResourcesBuildPhase;
			buildActionMask = 2147483647;
			files = (
				8F5DCC0D1946761C0047F1E2 /* InfoPlist.strings in Resources */,
			);
			runOnlyForDeploymentPostprocessing = 0;
		};
/* End PBXResourcesBuildPhase section */

/* Begin PBXSourcesBuildPhase section */
		8F5DCBD91946761C0047F1E2 /* Sources */ = {
			isa = PBXSourcesBuildPhase;
			buildActionMask = 2147483647;
			files = (
				8FF91CB2194E593100EA5B35 /* EVTableViewCell.m in Sources */,
				8F5DCBFA1946761C0047F1E2 /* EVDetailViewController.m in Sources */,
				8FF91CB8194E77D400EA5B35 /* FTWCache.m in Sources */,
				8F31A2EB194BDAA100974FD6 /* EVStreamViewController.m in Sources */,
				8FF91CBB194E77EF00EA5B35 /* UIImageView+Network.m in Sources */,
				8F5DCBF71946761C0047F1E2 /* EVMasterViewController.m in Sources */,
				8F5DCBED1946761C0047F1E2 /* main.m in Sources */,
				8F5DCBF11946761C0047F1E2 /* EVAppDelegate.m in Sources */,
				8FF91CBE194E8A8900EA5B35 /* HttpCommunication.m in Sources */,
				8F68618919467D1400567F45 /* EVAccountsViewController.m in Sources */,
			);
			runOnlyForDeploymentPostprocessing = 0;
		};
		8F5DCBFD1946761C0047F1E2 /* Sources */ = {
			isa = PBXSourcesBuildPhase;
			buildActionMask = 2147483647;
			files = (
				8F5DCC0F1946761C0047F1E2 /* tweetagsTests.m in Sources */,
			);
			runOnlyForDeploymentPostprocessing = 0;
		};
/* End PBXSourcesBuildPhase section */

/* Begin PBXTargetDependency section */
		8F5DCC071946761C0047F1E2 /* PBXTargetDependency */ = {
			isa = PBXTargetDependency;
			target = 8F5DCBDC1946761C0047F1E2 /* tweetags */;
			targetProxy = 8F5DCC061946761C0047F1E2 /* PBXContainerItemProxy */;
		};
/* End PBXTargetDependency section */

/* Begin PBXVariantGroup section */
		8F5DCBE91946761C0047F1E2 /* InfoPlist.strings */ = {
			isa = PBXVariantGroup;
			children = (
				8F5DCBEA1946761C0047F1E2 /* en */,
			);
			name = InfoPlist.strings;
			sourceTree = "<group>";
		};
		8F5DCBF21946761C0047F1E2 /* Main.storyboard */ = {
			isa = PBXVariantGroup;
			children = (
				8F5DCBF31946761C0047F1E2 /* Base */,
			);
			name = Main.storyboard;
			sourceTree = "<group>";
		};
		8F5DCC0B1946761C0047F1E2 /* InfoPlist.strings */ = {
			isa = PBXVariantGroup;
			children = (
				8F5DCC0C1946761C0047F1E2 /* en */,
			);
			name = InfoPlist.strings;
			sourceTree = "<group>";
		};
/* End PBXVariantGroup section */

/* Begin XCBuildConfiguration section */
		8F5DCC101946761C0047F1E2 /* Debug */ = {
			isa = XCBuildConfiguration;
			buildSettings = {
				ALWAYS_SEARCH_USER_PATHS = NO;
				CLANG_CXX_LANGUAGE_STANDARD = "gnu++0x";
				CLANG_CXX_LIBRARY = "libc++";
				CLANG_ENABLE_MODULES = YES;
				CLANG_ENABLE_OBJC_ARC = YES;
				CLANG_WARN_BOOL_CONVERSION = YES;
				CLANG_WARN_CONSTANT_CONVERSION = YES;
				CLANG_WARN_DIRECT_OBJC_ISA_USAGE = YES_ERROR;
				CLANG_WARN_EMPTY_BODY = YES;
				CLANG_WARN_ENUM_CONVERSION = YES;
				CLANG_WARN_INT_CONVERSION = YES;
				CLANG_WARN_OBJC_ROOT_CLASS = YES_ERROR;
				CLANG_WARN__DUPLICATE_METHOD_MATCH = YES;
				"CODE_SIGN_IDENTITY[sdk=iphoneos*]" = "iPhone Developer";
				COPY_PHASE_STRIP = NO;
				GCC_C_LANGUAGE_STANDARD = gnu99;
				GCC_DYNAMIC_NO_PIC = NO;
				GCC_OPTIMIZATION_LEVEL = 0;
				GCC_PREPROCESSOR_DEFINITIONS = (
					"DEBUG=1",
					"$(inherited)",
				);
				GCC_SYMBOLS_PRIVATE_EXTERN = NO;
				GCC_WARN_64_TO_32_BIT_CONVERSION = YES;
				GCC_WARN_ABOUT_RETURN_TYPE = YES_ERROR;
				GCC_WARN_UNDECLARED_SELECTOR = YES;
				GCC_WARN_UNINITIALIZED_AUTOS = YES_AGGRESSIVE;
				GCC_WARN_UNUSED_FUNCTION = YES;
				GCC_WARN_UNUSED_VARIABLE = YES;
				IPHONEOS_DEPLOYMENT_TARGET = 7.1;
				ONLY_ACTIVE_ARCH = YES;
				SDKROOT = iphoneos;
			};
			name = Debug;
		};
		8F5DCC111946761C0047F1E2 /* Release */ = {
			isa = XCBuildConfiguration;
			buildSettings = {
				ALWAYS_SEARCH_USER_PATHS = NO;
				CLANG_CXX_LANGUAGE_STANDARD = "gnu++0x";
				CLANG_CXX_LIBRARY = "libc++";
				CLANG_ENABLE_MODULES = YES;
				CLANG_ENABLE_OBJC_ARC = YES;
				CLANG_WARN_BOOL_CONVERSION = YES;
				CLANG_WARN_CONSTANT_CONVERSION = YES;
				CLANG_WARN_DIRECT_OBJC_ISA_USAGE = YES_ERROR;
				CLANG_WARN_EMPTY_BODY = YES;
				CLANG_WARN_ENUM_CONVERSION = YES;
				CLANG_WARN_INT_CONVERSION = YES;
				CLANG_WARN_OBJC_ROOT_CLASS = YES_ERROR;
				CLANG_WARN__DUPLICATE_METHOD_MATCH = YES;
				"CODE_SIGN_IDENTITY[sdk=iphoneos*]" = "iPhone Developer";
				COPY_PHASE_STRIP = YES;
				ENABLE_NS_ASSERTIONS = NO;
				GCC_C_LANGUAGE_STANDARD = gnu99;
				GCC_WARN_64_TO_32_BIT_CONVERSION = YES;
				GCC_WARN_ABOUT_RETURN_TYPE = YES_ERROR;
				GCC_WARN_UNDECLARED_SELECTOR = YES;
				GCC_WARN_UNINITIALIZED_AUTOS = YES_AGGRESSIVE;
				GCC_WARN_UNUSED_FUNCTION = YES;
				GCC_WARN_UNUSED_VARIABLE = YES;
				IPHONEOS_DEPLOYMENT_TARGET = 7.1;
				SDKROOT = iphoneos;
				VALIDATE_PRODUCT = YES;
			};
			name = Release;
		};
		8F5DCC131946761C0047F1E2 /* Debug */ = {
			isa = XCBuildConfiguration;
			buildSettings = {
				ASSETCATALOG_COMPILER_APPICON_NAME = AppIcon;
				ASSETCATALOG_COMPILER_LAUNCHIMAGE_NAME = LaunchImage;
				CODE_SIGN_IDENTITY = "iPhone Developer";
				"CODE_SIGN_IDENTITY[sdk=iphoneos*]" = "iPhone Developer";
				FRAMEWORK_SEARCH_PATHS = (
					"$(inherited)",
					"$(PROJECT_DIR)",
				);
				GCC_PRECOMPILE_PREFIX_HEADER = YES;
				GCC_PREFIX_HEADER = "tweetags/tweetags-Prefix.pch";
				INFOPLIST_FILE = "tweetags/tweetags-Info.plist";
				PRODUCT_NAME = "$(TARGET_NAME)";
				PROVISIONING_PROFILE = "";
				WRAPPER_EXTENSION = app;
			};
			name = Debug;
		};
		8F5DCC141946761C0047F1E2 /* Release */ = {
			isa = XCBuildConfiguration;
			buildSettings = {
				ASSETCATALOG_COMPILER_APPICON_NAME = AppIcon;
				ASSETCATALOG_COMPILER_LAUNCHIMAGE_NAME = LaunchImage;
				CODE_SIGN_IDENTITY = "iPhone Developer";
				"CODE_SIGN_IDENTITY[sdk=iphoneos*]" = "iPhone Developer";
				FRAMEWORK_SEARCH_PATHS = (
					"$(inherited)",
					"$(PROJECT_DIR)",
				);
				GCC_PRECOMPILE_PREFIX_HEADER = YES;
				GCC_PREFIX_HEADER = "tweetags/tweetags-Prefix.pch";
				INFOPLIST_FILE = "tweetags/tweetags-Info.plist";
				PRODUCT_NAME = "$(TARGET_NAME)";
				PROVISIONING_PROFILE = "";
				WRAPPER_EXTENSION = app;
			};
			name = Release;
		};
		8F5DCC161946761C0047F1E2 /* Debug */ = {
			isa = XCBuildConfiguration;
			buildSettings = {
				BUNDLE_LOADER = "$(BUILT_PRODUCTS_DIR)/tweetags.app/tweetags";
				FRAMEWORK_SEARCH_PATHS = (
					"$(SDKROOT)/Developer/Library/Frameworks",
					"$(inherited)",
					"$(DEVELOPER_FRAMEWORKS_DIR)",
				);
				GCC_PRECOMPILE_PREFIX_HEADER = YES;
				GCC_PREFIX_HEADER = "tweetags/tweetags-Prefix.pch";
				GCC_PREPROCESSOR_DEFINITIONS = (
					"DEBUG=1",
					"$(inherited)",
				);
				INFOPLIST_FILE = "tweetagsTests/tweetagsTests-Info.plist";
				PRODUCT_NAME = "$(TARGET_NAME)";
				TEST_HOST = "$(BUNDLE_LOADER)";
				WRAPPER_EXTENSION = xctest;
			};
			name = Debug;
		};
		8F5DCC171946761C0047F1E2 /* Release */ = {
			isa = XCBuildConfiguration;
			buildSettings = {
				BUNDLE_LOADER = "$(BUILT_PRODUCTS_DIR)/tweetags.app/tweetags";
				FRAMEWORK_SEARCH_PATHS = (
					"$(SDKROOT)/Developer/Library/Frameworks",
					"$(inherited)",
					"$(DEVELOPER_FRAMEWORKS_DIR)",
				);
				GCC_PRECOMPILE_PREFIX_HEADER = YES;
				GCC_PREFIX_HEADER = "tweetags/tweetags-Prefix.pch";
				INFOPLIST_FILE = "tweetagsTests/tweetagsTests-Info.plist";
				PRODUCT_NAME = "$(TARGET_NAME)";
				TEST_HOST = "$(BUNDLE_LOADER)";
				WRAPPER_EXTENSION = xctest;
			};
			name = Release;
		};
/* End XCBuildConfiguration section */

/* Begin XCConfigurationList section */
		8F5DCBD81946761C0047F1E2 /* Build configuration list for PBXProject "tweetags" */ = {
			isa = XCConfigurationList;
			buildConfigurations = (
				8F5DCC101946761C0047F1E2 /* Debug */,
				8F5DCC111946761C0047F1E2 /* Release */,
			);
			defaultConfigurationIsVisible = 0;
			defaultConfigurationName = Release;
		};
		8F5DCC121946761C0047F1E2 /* Build configuration list for PBXNativeTarget "tweetags" */ = {
			isa = XCConfigurationList;
			buildConfigurations = (
				8F5DCC131946761C0047F1E2 /* Debug */,
				8F5DCC141946761C0047F1E2 /* Release */,
			);
			defaultConfigurationIsVisible = 0;
			defaultConfigurationName = Release;
		};
		8F5DCC151946761C0047F1E2 /* Build configuration list for PBXNativeTarget "tweetagsTests" */ = {
			isa = XCConfigurationList;
			buildConfigurations = (
				8F5DCC161946761C0047F1E2 /* Debug */,
				8F5DCC171946761C0047F1E2 /* Release */,
			);
			defaultConfigurationIsVisible = 0;
			defaultConfigurationName = Release;
		};
/* End XCConfigurationList section */
	};
	rootObject = 8F5DCBD51946761C0047F1E2 /* Project object */;
}
